NeoBundleLock neocomplete b618a9f145ace79672d4fca90ca9ee94b00a662f
NeoBundleLock vim-scala 80a16cf8dc9eea18980fbe34a6d6dd3e1b6df290
NeoBundleLock neosnippet.vim 23327c4379b45798fb5b3e644adb77208c8ce68d
NeoBundleLock neobundle.vim 4a3bb7fb323b62f571c22ff15139fe996dc60ac8
NeoBundleLock emmet-vim 8b703a0a00a23a96477155099946714f6fdc2e63
NeoBundleLock vim-autoclose a9a3b7384657bc1f60a963fd6c08c63fc48d61c3
NeoBundleLock unite.vim bc48c2b00d457437585bc1d12f006bdeef7f9a3d
NeoBundleLock neosnippet-snippets 975a2e9e0eca6ae9daea83779bf4d0651d328e08
